// !$*UTF8*$!
{
	archiveVersion = 1;
	classes = {
	};
	objectVersion = 46;
	objects = {

/* Begin PBXBuildFile section */
		65C7857E19456BE70027C591 /* CustomTableViewCell.m in Sources */ = {isa = PBXBuildFile; fileRef = 65C7857D19456BE70027C591 /* CustomTableViewCell.m */; };
		65C7858119456F5A0027C591 /* CustomView.m in Sources */ = {isa = PBXBuildFile; fileRef = 65C7858019456F5A0027C591 /* CustomView.m */; };
		65CED9E21941AB3F00E51488 /* menu_icon_1_1.png in Resources */ = {isa = PBXBuildFile; fileRef = 65CED9DA1941AB3F00E51488 /* menu_icon_1_1.png */; };
		65CED9E31941AB3F00E51488 /* menu_icon_1_2.png in Resources */ = {isa = PBXBuildFile; fileRef = 65CED9DB1941AB3F00E51488 /* menu_icon_1_2.png */; };
		65CED9E41941AB3F00E51488 /* menu_icon_2_1.png in Resources */ = {isa = PBXBuildFile; fileRef = 65CED9DC1941AB3F00E51488 /* menu_icon_2_1.png */; };
		65CED9E51941AB3F00E51488 /* menu_icon_2_2.png in Resources */ = {isa = PBXBuildFile; fileRef = 65CED9DD1941AB3F00E51488 /* menu_icon_2_2.png */; };
		65CED9E61941AB3F00E51488 /* menu_icon_3_1.png in Resources */ = {isa = PBXBuildFile; fileRef = 65CED9DE1941AB3F00E51488 /* menu_icon_3_1.png */; };
		65CED9E71941AB3F00E51488 /* menu_icon_3_2.png in Resources */ = {isa = PBXBuildFile; fileRef = 65CED9DF1941AB3F00E51488 /* menu_icon_3_2.png */; };
		65CED9E81941AB3F00E51488 /* menu_icon_4_1.png in Resources */ = {isa = PBXBuildFile; fileRef = 65CED9E01941AB3F00E51488 /* menu_icon_4_1.png */; };
		65CED9E91941AB3F00E51488 /* menu_icon_4_2.png in Resources */ = {isa = PBXBuildFile; fileRef = 65CED9E11941AB3F00E51488 /* menu_icon_4_2.png */; };
		65CED9EB1941BB8100E51488 /* SecondLevelViewController.swift in Sources */ = {isa = PBXBuildFile; fileRef = 65CED9EA1941BB8100E51488 /* SecondLevelViewController.swift */; };
		65E32D74193FFDFF00A87AB4 /* DetailViewCtroller.swift in Sources */ = {isa = PBXBuildFile; fileRef = 65E32D73193FFDFF00A87AB4 /* DetailViewCtroller.swift */; };
		65E32D761940079E00A87AB4 /* GlobalConfig.swift in Sources */ = {isa = PBXBuildFile; fileRef = 65E32D751940079E00A87AB4 /* GlobalConfig.swift */; };
		65E32D7919401C9A00A87AB4 /* TestCase.swift in Sources */ = {isa = PBXBuildFile; fileRef = 65E32D7819401C9A00A87AB4 /* TestCase.swift */; };
		65E32D7B19401DAD00A87AB4 /* CustomMenuView.swift in Sources */ = {isa = PBXBuildFile; fileRef = 65E32D7A19401DAD00A87AB4 /* CustomMenuView.swift */; };
		65F5206D193EF2EE000DC320 /* AppDelegate.swift in Sources */ = {isa = PBXBuildFile; fileRef = 65F5206C193EF2EE000DC320 /* AppDelegate.swift */; };
		65F5206F193EF2EE000DC320 /* Images.xcassets in Resources */ = {isa = PBXBuildFile; fileRef = 65F5206E193EF2EE000DC320 /* Images.xcassets */; };
		65F5207B193EF2EF000DC320 /* SwiftDemo2Tests.swift in Sources */ = {isa = PBXBuildFile; fileRef = 65F5207A193EF2EF000DC320 /* SwiftDemo2Tests.swift */; };
		65F52087193EF340000DC320 /* RootViewController.swift in Sources */ = {isa = PBXBuildFile; fileRef = 65F52086193EF340000DC320 /* RootViewController.swift */; };
/* End PBXBuildFile section */

/* Begin PBXContainerItemProxy section */
		65F52075193EF2EE000DC320 /* PBXContainerItemProxy */ = {
			isa = PBXContainerItemProxy;
			containerPortal = 65F5205F193EF2EE000DC320 /* Project object */;
			proxyType = 1;
			remoteGlobalIDString = 65F52066193EF2EE000DC320;
			remoteInfo = SwiftDemo2;
		};
/* End PBXContainerItemProxy section */

/* Begin PBXFileReference section */
		65C7857B19456BE70027C591 /* SwiftDemo2-Bridging-Header.h */ = {isa = PBXFileReference; lastKnownFileType = sourcecode.c.h; path = "SwiftDemo2-Bridging-Header.h"; sourceTree = "<group>"; };
		65C7857C19456BE70027C591 /* CustomTableViewCell.h */ = {isa = PBXFileReference; fileEncoding = 4; lastKnownFileType = sourcecode.c.h; path = CustomTableViewCell.h; sourceTree = "<group>"; };
		65C7857D19456BE70027C591 /* CustomTableViewCell.m */ = {isa = PBXFileReference; fileEncoding = 4; lastKnownFileType = sourcecode.c.objc; path = CustomTableViewCell.m; sourceTree = "<group>"; };
		65C7857F19456F5A0027C591 /* CustomView.h */ = {isa = PBXFileReference; fileEncoding = 4; lastKnownFileType = sourcecode.c.h; path = CustomView.h; sourceTree = "<group>"; };
		65C7858019456F5A0027C591 /* CustomView.m */ = {isa = PBXFileReference; fileEncoding = 4; lastKnownFileType = sourcecode.c.objc; path = CustomView.m; sourceTree = "<group>"; };
		65CED9DA1941AB3F00E51488 /* menu_icon_1_1.png */ = {isa = PBXFileReference; lastKnownFileType = image.png; path = menu_icon_1_1.png; sourceTree = "<group>"; };
		65CED9DB1941AB3F00E51488 /* menu_icon_1_2.png */ = {isa = PBXFileReference; lastKnownFileType = image.png; path = menu_icon_1_2.png; sourceTree = "<group>"; };
		65CED9DC1941AB3F00E51488 /* menu_icon_2_1.png */ = {isa = PBXFileReference; lastKnownFileType = image.png; path = menu_icon_2_1.png; sourceTree = "<group>"; };
		65CED9DD1941AB3F00E51488 /* menu_icon_2_2.png */ = {isa = PBXFileReference; lastKnownFileType = image.png; path = menu_icon_2_2.png; sourceTree = "<group>"; };
		65CED9DE1941AB3F00E51488 /* menu_icon_3_1.png */ = {isa = PBXFileReference; lastKnownFileType = image.png; path = menu_icon_3_1.png; sourceTree = "<group>"; };
		65CED9DF1941AB3F00E51488 /* menu_icon_3_2.png */ = {isa = PBXFileReference; lastKnownFileType = image.png; path = menu_icon_3_2.png; sourceTree = "<group>"; };
		65CED9E01941AB3F00E51488 /* menu_icon_4_1.png */ = {isa = PBXFileReference; lastKnownFileType = image.png; path = menu_icon_4_1.png; sourceTree = "<group>"; };
		65CED9E11941AB3F00E51488 /* menu_icon_4_2.png */ = {isa = PBXFileReference; lastKnownFileType = image.png; path = menu_icon_4_2.png; sourceTree = "<group>"; };
		65CED9EA1941BB8100E51488 /* SecondLevelViewController.swift */ = {isa = PBXFileReference; fileEncoding = 4; lastKnownFileType = sourcecode.swift; path = SecondLevelViewController.swift; sourceTree = "<group>"; };
		65E32D73193FFDFF00A87AB4 /* DetailViewCtroller.swift */ = {isa = PBXFileReference; fileEncoding = 4; lastKnownFileType = sourcecode.swift; path = DetailViewCtroller.swift; sourceTree = "<group>"; };
		65E32D751940079E00A87AB4 /* GlobalConfig.swift */ = {isa = PBXFileReference; fileEncoding = 4; lastKnownFileType = sourcecode.swift; path = GlobalConfig.swift; sourceTree = "<group>"; };
		65E32D7819401C9A00A87AB4 /* TestCase.swift */ = {isa = PBXFileReference; fileEncoding = 4; lastKnownFileType = sourcecode.swift; path = TestCase.swift; sourceTree = "<group>"; };
		65E32D7A19401DAD00A87AB4 /* CustomMenuView.swift */ = {isa = PBXFileReference; fileEncoding = 4; lastKnownFileType = sourcecode.swift; path = CustomMenuView.swift; sourceTree = "<group>"; };
		65E32D7C1940377900A87AB4 /* MyPlayground.playground */ = {isa = PBXFileReference; lastKnownFileType = file.playground; path = MyPlayground.playground; sourceTree = "<group>"; };
		65F52067193EF2EE000DC320 /* SwiftDemo2.app */ = {isa = PBXFileReference; explicitFileType = wrapper.application; includeInIndex = 0; path = SwiftDemo2.app; sourceTree = BUILT_PRODUCTS_DIR; };
		65F5206B193EF2EE000DC320 /* Info.plist */ = {isa = PBXFileReference; lastKnownFileType = text.plist.xml; path = Info.plist; sourceTree = "<group>"; };
		65F5206C193EF2EE000DC320 /* AppDelegate.swift */ = {isa = PBXFileReference; lastKnownFileType = sourcecode.swift; path = AppDelegate.swift; sourceTree = "<group>"; };
		65F5206E193EF2EE000DC320 /* Images.xcassets */ = {isa = PBXFileReference; lastKnownFileType = folder.assetcatalog; path = Images.xcassets; sourceTree = "<group>"; };
		65F52074193EF2EE000DC320 /* SwiftDemo2Tests.xctest */ = {isa = PBXFileReference; explicitFileType = wrapper.cfbundle; includeInIndex = 0; path = SwiftDemo2Tests.xctest; sourceTree = BUILT_PRODUCTS_DIR; };
		65F52079193EF2EF000DC320 /* Info.plist */ = {isa = PBXFileReference; lastKnownFileType = text.plist.xml; path = Info.plist; sourceTree = "<group>"; };
		65F5207A193EF2EF000DC320 /* SwiftDemo2Tests.swift */ = {isa = PBXFileReference; lastKnownFileType = sourcecode.swift; path = SwiftDemo2Tests.swift; sourceTree = "<group>"; };
		65F52086193EF340000DC320 /* RootViewController.swift */ = {isa = PBXFileReference; fileEncoding = 4; lastKnownFileType = sourcecode.swift; path = RootViewController.swift; sourceTree = "<group>"; };
/* End PBXFileReference section */

/* Begin PBXFrameworksBuildPhase section */
		65F52064193EF2EE000DC320 /* Frameworks */ = {
			isa = PBXFrameworksBuildPhase;
			buildActionMask = 2147483647;
			files = (
			);
			runOnlyForDeploymentPostprocessing = 0;
		};
		65F52071193EF2EE000DC320 /* Frameworks */ = {
			isa = PBXFrameworksBuildPhase;
			buildActionMask = 2147483647;
			files = (
			);
			runOnlyForDeploymentPostprocessing = 0;
		};
/* End PBXFrameworksBuildPhase section */

/* Begin PBXGroup section */
		65CED9D81941AB3900E51488 /* Resource */ = {
			isa = PBXGroup;
			children = (
				65CED9D91941AB3900E51488 /* image */,
			);
			path = Resource;
			sourceTree = "<group>";
		};
		65CED9D91941AB3900E51488 /* image */ = {
			isa = PBXGroup;
			children = (
				65CED9DA1941AB3F00E51488 /* menu_icon_1_1.png */,
				65CED9DB1941AB3F00E51488 /* menu_icon_1_2.png */,
				65CED9DC1941AB3F00E51488 /* menu_icon_2_1.png */,
				65CED9DD1941AB3F00E51488 /* menu_icon_2_2.png */,
				65CED9DE1941AB3F00E51488 /* menu_icon_3_1.png */,
				65CED9DF1941AB3F00E51488 /* menu_icon_3_2.png */,
				65CED9E01941AB3F00E51488 /* menu_icon_4_1.png */,
				65CED9E11941AB3F00E51488 /* menu_icon_4_2.png */,
			);
			path = image;
			sourceTree = "<group>";
		};
		65F5205E193EF2EE000DC320 = {
			isa = PBXGroup;
			children = (
				65F52069193EF2EE000DC320 /* SwiftDemo2 */,
				65F52077193EF2EE000DC320 /* SwiftDemo2Tests */,
				65F52068193EF2EE000DC320 /* Products */,
			);
			sourceTree = "<group>";
		};
		65F52068193EF2EE000DC320 /* Products */ = {
			isa = PBXGroup;
			children = (
				65F52067193EF2EE000DC320 /* SwiftDemo2.app */,
				65F52074193EF2EE000DC320 /* SwiftDemo2Tests.xctest */,
			);
			name = Products;
			sourceTree = "<group>";
		};
		65F52069193EF2EE000DC320 /* SwiftDemo2 */ = {
			isa = PBXGroup;
			children = (
				65F5206C193EF2EE000DC320 /* AppDelegate.swift */,
				65F52086193EF340000DC320 /* RootViewController.swift */,
				65E32D73193FFDFF00A87AB4 /* DetailViewCtroller.swift */,
				65C7857C19456BE70027C591 /* CustomTableViewCell.h */,
				65C7857D19456BE70027C591 /* CustomTableViewCell.m */,
				65C7857F19456F5A0027C591 /* CustomView.h */,
				65C7858019456F5A0027C591 /* CustomView.m */,
				65E32D7819401C9A00A87AB4 /* TestCase.swift */,
				65CED9EA1941BB8100E51488 /* SecondLevelViewController.swift */,
				65E32D7A19401DAD00A87AB4 /* CustomMenuView.swift */,
				65E32D7C1940377900A87AB4 /* MyPlayground.playground */,
				65E32D751940079E00A87AB4 /* GlobalConfig.swift */,
				65F5206E193EF2EE000DC320 /* Images.xcassets */,
				65F5206A193EF2EE000DC320 /* Supporting Files */,
				65C7857B19456BE70027C591 /* SwiftDemo2-Bridging-Header.h */,
			);
			path = SwiftDemo2;
			sourceTree = "<group>";
		};
		65F5206A193EF2EE000DC320 /* Supporting Files */ = {
			isa = PBXGroup;
			children = (
				65CED9D81941AB3900E51488 /* Resource */,
				65F5206B193EF2EE000DC320 /* Info.plist */,
			);
			name = "Supporting Files";
			sourceTree = "<group>";
		};
		65F52077193EF2EE000DC320 /* SwiftDemo2Tests */ = {
			isa = PBXGroup;
			children = (
				65F5207A193EF2EF000DC320 /* SwiftDemo2Tests.swift */,
				65F52078193EF2EF000DC320 /* Supporting Files */,
			);
			path = SwiftDemo2Tests;
			sourceTree = "<group>";
		};
		65F52078193EF2EF000DC320 /* Supporting Files */ = {
			isa = PBXGroup;
			children = (
				65F52079193EF2EF000DC320 /* Info.plist */,
			);
			name = "Supporting Files";
			sourceTree = "<group>";
		};
/* End PBXGroup section */

/* Begin PBXNativeTarget section */
		65F52066193EF2EE000DC320 /* SwiftDemo2 */ = {
			isa = PBXNativeTarget;
			buildConfigurationList = 65F5207E193EF2EF000DC320 /* Build configuration list for PBXNativeTarget "SwiftDemo2" */;
			buildPhases = (
				65F52063193EF2EE000DC320 /* Sources */,
				65F52064193EF2EE000DC320 /* Frameworks */,
				65F52065193EF2EE000DC320 /* Resources */,
			);
			buildRules = (
			);
			dependencies = (
			);
			name = SwiftDemo2;
			productName = SwiftDemo2;
			productReference = 65F52067193EF2EE000DC320 /* SwiftDemo2.app */;
			productType = "com.apple.product-type.application";
		};
		65F52073193EF2EE000DC320 /* SwiftDemo2Tests */ = {
			isa = PBXNativeTarget;
			buildConfigurationList = 65F52081193EF2EF000DC320 /* Build configuration list for PBXNativeTarget "SwiftDemo2Tests" */;
			buildPhases = (
				65F52070193EF2EE000DC320 /* Sources */,
				65F52071193EF2EE000DC320 /* Frameworks */,
				65F52072193EF2EE000DC320 /* Resources */,
			);
			buildRules = (
			);
			dependencies = (
				65F52076193EF2EE000DC320 /* PBXTargetDependency */,
			);
			name = SwiftDemo2Tests;
			productName = SwiftDemo2Tests;
			productReference = 65F52074193EF2EE000DC320 /* SwiftDemo2Tests.xctest */;
			productType = "com.apple.product-type.bundle.unit-test";
		};
/* End PBXNativeTarget section */

/* Begin PBXProject section */
		65F5205F193EF2EE000DC320 /* Project object */ = {
			isa = PBXProject;
			attributes = {
				LastUpgradeCheck = 0600;
				ORGANIZATIONNAME = "iSoftstone infomation Technology (Group) Co.,Ltd";
				TargetAttributes = {
					65F52066193EF2EE000DC320 = {
						CreatedOnToolsVersion = 6.0;
					};
					65F52073193EF2EE000DC320 = {
						CreatedOnToolsVersion = 6.0;
						TestTargetID = 65F52066193EF2EE000DC320;
					};
				};
			};
			buildConfigurationList = 65F52062193EF2EE000DC320 /* Build configuration list for PBXProject "SwiftDemo2" */;
			compatibilityVersion = "Xcode 3.2";
			developmentRegion = English;
			hasScannedForEncodings = 0;
			knownRegions = (
				en,
			);
			mainGroup = 65F5205E193EF2EE000DC320;
			productRefGroup = 65F52068193EF2EE000DC320 /* Products */;
			projectDirPath = "";
			projectRoot = "";
			targets = (
				65F52066193EF2EE000DC320 /* SwiftDemo2 */,
				65F52073193EF2EE000DC320 /* SwiftDemo2Tests */,
			);
		};
/* End PBXProject section */

/* Begin PBXResourcesBuildPhase section */
		65F52065193EF2EE000DC320 /* Resources */ = {
			isa = PBXResourcesBuildPhase;
			buildActionMask = 2147483647;
			files = (
				65F5206F193EF2EE000DC320 /* Images.xcassets in Resources */,
				65CED9E71941AB3F00E51488 /* menu_icon_3_2.png in Resources */,
				65CED9E61941AB3F00E51488 /* menu_icon_3_1.png in Resources */,
				65CED9E31941AB3F00E51488 /* menu_icon_1_2.png in Resources */,
				65CED9E91941AB3F00E51488 /* menu_icon_4_2.png in Resources */,
				65CED9E81941AB3F00E51488 /* menu_icon_4_1.png in Resources */,
				65CED9E41941AB3F00E51488 /* menu_icon_2_1.png in Resources */,
				65CED9E51941AB3F00E51488 /* menu_icon_2_2.png in Resources */,
				65CED9E21941AB3F00E51488 /* menu_icon_1_1.png in Resources */,
			);
			runOnlyForDeploymentPostprocessing = 0;
		};
		65F52072193EF2EE000DC320 /* Resources */ = {
			isa = PBXResourcesBuildPhase;
			buildActionMask = 2147483647;
			files = (
			);
			runOnlyForDeploymentPostprocessing = 0;
		};
/* End PBXResourcesBuildPhase section */

/* Begin PBXSourcesBuildPhase section */
		65F52063193EF2EE000DC320 /* Sources */ = {
			isa = PBXSourcesBuildPhase;
			buildActionMask = 2147483647;
			files = (
				65E32D761940079E00A87AB4 /* GlobalConfig.swift in Sources */,
				65CED9EB1941BB8100E51488 /* SecondLevelViewController.swift in Sources */,
				65E32D74193FFDFF00A87AB4 /* DetailViewCtroller.swift in Sources */,
				65E32D7B19401DAD00A87AB4 /* CustomMenuView.swift in Sources */,
				65F52087193EF340000DC320 /* RootViewController.swift in Sources */,
				65C7858119456F5A0027C591 /* CustomView.m in Sources */,
				65E32D7919401C9A00A87AB4 /* TestCase.swift in Sources */,
				65C7857E19456BE70027C591 /* CustomTableViewCell.m in Sources */,
				65F5206D193EF2EE000DC320 /* AppDelegate.swift in Sources */,
			);
			runOnlyForDeploymentPostprocessing = 0;
		};
		65F52070193EF2EE000DC320 /* Sources */ = {
			isa = PBXSourcesBuildPhase;
			buildActionMask = 2147483647;
			files = (
				65F5207B193EF2EF000DC320 /* SwiftDemo2Tests.swift in Sources */,
			);
			runOnlyForDeploymentPostprocessing = 0;
		};
/* End PBXSourcesBuildPhase section */

/* Begin PBXTargetDependency section */
		65F52076193EF2EE000DC320 /* PBXTargetDependency */ = {
			isa = PBXTargetDependency;
			target = 65F52066193EF2EE000DC320 /* SwiftDemo2 */;
			targetProxy = 65F52075193EF2EE000DC320 /* PBXContainerItemProxy */;
		};
/* End PBXTargetDependency section */

/* Begin XCBuildConfiguration section */
		65F5207C193EF2EF000DC320 /* Debug */ = {
			isa = XCBuildConfiguration;
			buildSettings = {
				ALWAYS_SEARCH_USER_PATHS = NO;
				CLANG_CXX_LANGUAGE_STANDARD = "gnu++0x";
				CLANG_CXX_LIBRARY = "libc++";
				CLANG_ENABLE_MODULES = YES;
				CLANG_ENABLE_OBJC_ARC = YES;
				CLANG_WARN_BOOL_CONVERSION = YES;
				CLANG_WARN_CONSTANT_CONVERSION = YES;
				CLANG_WARN_DIRECT_OBJC_ISA_USAGE = YES_ERROR;
				CLANG_WARN_EMPTY_BODY = YES;
				CLANG_WARN_ENUM_CONVERSION = YES;
				CLANG_WARN_INT_CONVERSION = YES;
				CLANG_WARN_OBJC_ROOT_CLASS = YES_ERROR;
				CLANG_WARN_UNREACHABLE_CODE = YES;
				CLANG_WARN__DUPLICATE_METHOD_MATCH = YES;
				"CODE_SIGN_IDENTITY[sdk=iphoneos*]" = "iPhone Developer";
				COPY_PHASE_STRIP = NO;
				ENABLE_STRICT_OBJC_MSGSEND = YES;
				GCC_C_LANGUAGE_STANDARD = gnu99;
				GCC_DYNAMIC_NO_PIC = NO;
				GCC_OPTIMIZATION_LEVEL = 0;
				GCC_PREPROCESSOR_DEFINITIONS = (
					"DEBUG=1",
					"$(inherited)",
				);
				GCC_SYMBOLS_PRIVATE_EXTERN = NO;
				GCC_WARN_64_TO_32_BIT_CONVERSION = YES;
				GCC_WARN_ABOUT_RETURN_TYPE = YES_ERROR;
				GCC_WARN_UNDECLARED_SELECTOR = YES;
				GCC_WARN_UNINITIALIZED_AUTOS = YES_AGGRESSIVE;
				GCC_WARN_UNUSED_FUNCTION = YES;
				GCC_WARN_UNUSED_VARIABLE = YES;
				IPHONEOS_DEPLOYMENT_TARGET = 8.0;
				METAL_ENABLE_DEBUG_INFO = YES;
				ONLY_ACTIVE_ARCH = YES;
				SDKROOT = iphoneos;
				SWIFT_OPTIMIZATION_LEVEL = "-Onone";
				TARGETED_DEVICE_FAMILY = "1,2";
			};
			name = Debug;
		};
		65F5207D193EF2EF000DC320 /* Release */ = {
			isa = XCBuildConfiguration;
			buildSettings = {
				ALWAYS_SEARCH_USER_PATHS = NO;
				CLANG_CXX_LANGUAGE_STANDARD = "gnu++0x";
				CLANG_CXX_LIBRARY = "libc++";
				CLANG_ENABLE_MODULES = YES;
				CLANG_ENABLE_OBJC_ARC = YES;
				CLANG_WARN_BOOL_CONVERSION = YES;
				CLANG_WARN_CONSTANT_CONVERSION = YES;
				CLANG_WARN_DIRECT_OBJC_ISA_USAGE = YES_ERROR;
				CLANG_WARN_EMPTY_BODY = YES;
				CLANG_WARN_ENUM_CONVERSION = YES;
				CLANG_WARN_INT_CONVERSION = YES;
				CLANG_WARN_OBJC_ROOT_CLASS = YES_ERROR;
				CLANG_WARN_UNREACHABLE_CODE = YES;
				CLANG_WARN__DUPLICATE_METHOD_MATCH = YES;
				"CODE_SIGN_IDENTITY[sdk=iphoneos*]" = "iPhone Developer";
				COPY_PHASE_STRIP = YES;
				ENABLE_NS_ASSERTIONS = NO;
				ENABLE_STRICT_OBJC_MSGSEND = YES;
				GCC_C_LANGUAGE_STANDARD = gnu99;
				GCC_WARN_64_TO_32_BIT_CONVERSION = YES;
				GCC_WARN_ABOUT_RETURN_TYPE = YES_ERROR;
				GCC_WARN_UNDECLARED_SELECTOR = YES;
				GCC_WARN_UNINITIALIZED_AUTOS = YES_AGGRESSIVE;
				GCC_WARN_UNUSED_FUNCTION = YES;
				GCC_WARN_UNUSED_VARIABLE = YES;
				IPHONEOS_DEPLOYMENT_TARGET = 8.0;
				METAL_ENABLE_DEBUG_INFO = NO;
				SDKROOT = iphoneos;
				TARGETED_DEVICE_FAMILY = "1,2";
				VALIDATE_PRODUCT = YES;
			};
			name = Release;
		};
		65F5207F193EF2EF000DC320 /* Debug */ = {
			isa = XCBuildConfiguration;
			buildSettings = {
				ASSETCATALOG_COMPILER_APPICON_NAME = AppIcon;
				ASSETCATALOG_COMPILER_LAUNCHIMAGE_NAME = LaunchImage;
				CLANG_ENABLE_MODULES = YES;
				DEFINES_MODULE = NO;
				INFOPLIST_FILE = SwiftDemo2/Info.plist;
				LD_RUNPATH_SEARCH_PATHS = "$(inherited) @executable_path/Frameworks";
				PRODUCT_NAME = "$(TARGET_NAME)";
				SWIFT_OBJC_BRIDGING_HEADER = "SwiftDemo2/SwiftDemo2-Bridging-Header.h";
				SWIFT_OPTIMIZATION_LEVEL = "-Onone";
			};
			name = Debug;
		};
		65F52080193EF2EF000DC320 /* Release */ = {
			isa = XCBuildConfiguration;
			buildSettings = {
				ASSETCATALOG_COMPILER_APPICON_NAME = AppIcon;
				ASSETCATALOG_COMPILER_LAUNCHIMAGE_NAME = LaunchImage;
				CLANG_ENABLE_MODULES = YES;
				DEFINES_MODULE = NO;
				INFOPLIST_FILE = SwiftDemo2/Info.plist;
				LD_RUNPATH_SEARCH_PATHS = "$(inherited) @executable_path/Frameworks";
				PRODUCT_NAME = "$(TARGET_NAME)";
				SWIFT_OBJC_BRIDGING_HEADER = "SwiftDemo2/SwiftDemo2-Bridging-Header.h";
			};
			name = Release;
		};
		65F52082193EF2EF000DC320 /* Debug */ = {
			isa = XCBuildConfiguration;
			buildSettings = {
				BUNDLE_LOADER = "$(BUILT_PRODUCTS_DIR)/SwiftDemo2.app/SwiftDemo2";
				FRAMEWORK_SEARCH_PATHS = (
					"$(SDKROOT)/Developer/Library/Frameworks",
					"$(inherited)",
				);
				GCC_PREPROCESSOR_DEFINITIONS = (
					"DEBUG=1",
					"$(inherited)",
				);
				INFOPLIST_FILE = SwiftDemo2Tests/Info.plist;
				LD_RUNPATH_SEARCH_PATHS = "$(inherited) @executable_path/Frameworks @loader_path/Frameworks";
				METAL_ENABLE_DEBUG_INFO = YES;
				PRODUCT_NAME = "$(TARGET_NAME)";
				TEST_HOST = "$(BUNDLE_LOADER)";
			};
			name = Debug;
		};
		65F52083193EF2EF000DC320 /* Release */ = {
			isa = XCBuildConfiguration;
			buildSettings = {
				BUNDLE_LOADER = "$(BUILT_PRODUCTS_DIR)/SwiftDemo2.app/SwiftDemo2";
				FRAMEWORK_SEARCH_PATHS = (
					"$(SDKROOT)/Developer/Library/Frameworks",
					"$(inherited)",
				);
				INFOPLIST_FILE = SwiftDemo2Tests/Info.plist;
				LD_RUNPATH_SEARCH_PATHS = "$(inherited) @executable_path/Frameworks @loader_path/Frameworks";
				METAL_ENABLE_DEBUG_INFO = NO;
				PRODUCT_NAME = "$(TARGET_NAME)";
				TEST_HOST = "$(BUNDLE_LOADER)";
			};
			name = Release;
		};
/* End XCBuildConfiguration section */

/* Begin XCConfigurationList section */
		65F52062193EF2EE000DC320 /* Build configuration list for PBXProject "SwiftDemo2" */ = {
			isa = XCConfigurationList;
			buildConfigurations = (
				65F5207C193EF2EF000DC320 /* Debug */,
				65F5207D193EF2EF000DC320 /* Release */,
			);
			defaultConfigurationIsVisible = 0;
			defaultConfigurationName = Release;
		};
		65F5207E193EF2EF000DC320 /* Build configuration list for PBXNativeTarget "SwiftDemo2" */ = {
			isa = XCConfigurationList;
			buildConfigurations = (
				65F5207F193EF2EF000DC320 /* Debug */,
				65F52080193EF2EF000DC320 /* Release */,
			);
			defaultConfigurationIsVisible = 0;
			defaultConfigurationName = Release;
		};
		65F52081193EF2EF000DC320 /* Build configuration list for PBXNativeTarget "SwiftDemo2Tests" */ = {
			isa = XCConfigurationList;
			buildConfigurations = (
				65F52082193EF2EF000DC320 /* Debug */,
				65F52083193EF2EF000DC320 /* Release */,
			);
			defaultConfigurationIsVisible = 0;
			defaultConfigurationName = Release;
		};
/* End XCConfigurationList section */
	};
	rootObject = 65F5205F193EF2EE000DC320 /* Project object */;
}
